// !$*UTF8*$!
{
	archiveVersion = 1;
	classes = {
	};
	objectVersion = 60;
	objects = {

/* Begin PBXBuildFile section */
		156194FCC7151B9833B4F30D /* Main.storyboard in Resources */ = {isa = PBXBuildFile; fileRef = BDEDC050E4DB333B971A5FE7 /* Main.storyboard */; };
		1B239F73E3657FCF18315504 /* Assets.xcassets in Resources */ = {isa = PBXBuildFile; fileRef = AC7EDECFCF611C77FBD1BC14 /* Assets.xcassets */; };
		305D5F14306F8F770031B835 /* GoogleService-Info.plist in Resources */ = {isa = PBXBuildFile; fileRef = 305D5F13306F8F770031B835 /* GoogleService-Info.plist */; };
		308C488E34A7E4BC490A66FB /* TypeSettingsView.swift in Sources */ = {isa = PBXBuildFile; fileRef = 0A6CB1C5E5D6B26AE3641D3D /* TypeSettingsView.swift */; };
		35A0B0000000000000000001 /* AppsFlyerManager.swift in Sources */ = {isa = PBXBuildFile; fileRef = 35A0F0000000000000000001 /* AppsFlyerManager.swift */; };
		35A0B0000000000000000002 /* ConfigManager.swift in Sources */ = {isa = PBXBuildFile; fileRef = 35A0F0000000000000000002 /* ConfigManager.swift */; };
		35A0B0000000000000000003 /* LoadingManager.swift in Sources */ = {isa = PBXBuildFile; fileRef = 35A0F0000000000000000003 /* LoadingManager.swift */; };
		35A0B0000000000000000004 /* LoadingThemeColors.swift in Sources */ = {isa = PBXBuildFile; fileRef = 35A0F0000000000000000004 /* LoadingThemeColors.swift */; };
		35A0B0000000000000000005 /* LoadingView.swift in Sources */ = {isa = PBXBuildFile; fileRef = 35A0F0000000000000000005 /* LoadingView.swift */; };
		35A0B0000000000000000006 /* LoadingViewController.swift in Sources */ = {isa = PBXBuildFile; fileRef = 35A0F0000000000000000006 /* LoadingViewController.swift */; };
		35A0B0000000000000000007 /* NetworkAvailability.swift in Sources */ = {isa = PBXBuildFile; fileRef = 35A0F0000000000000000007 /* NetworkAvailability.swift */; };
		35A0B0000000000000000008 /* NoInternetView.swift in Sources */ = {isa = PBXBuildFile; fileRef = 35A0F0000000000000000008 /* NoInternetView.swift */; };
		35A0B0000000000000000009 /* NotificationInteractionCallback.swift in Sources */ = {isa = PBXBuildFile; fileRef = 35A0F0000000000000000009 /* NotificationInteractionCallback.swift */; };
		35A0B000000000000000000A /* NotificationPermissionManager.swift in Sources */ = {isa = PBXBuildFile; fileRef = 35A0F000000000000000000A /* NotificationPermissionManager.swift */; };
		35A0B000000000000000000B /* NotificationPermissionView.swift in Sources */ = {isa = PBXBuildFile; fileRef = 35A0F000000000000000000B /* NotificationPermissionView.swift */; };
		35A0B000000000000000000C /* NotificationPermissionViewController.swift in Sources */ = {isa = PBXBuildFile; fileRef = 35A0F000000000000000000C /* NotificationPermissionViewController.swift */; };
		35A0B000000000000000000D /* PushNotificationURLRouter.swift in Sources */ = {isa = PBXBuildFile; fileRef = 35A0F000000000000000000D /* PushNotificationURLRouter.swift */; };
		35A0B000000000000000000E /* UserAgentBuilder.swift in Sources */ = {isa = PBXBuildFile; fileRef = 35A0F000000000000000000E /* UserAgentBuilder.swift */; };
		35A0B000000000000000000F /* WebviewVC.swift in Sources */ = {isa = PBXBuildFile; fileRef = 35A0F000000000000000000F /* WebviewVC.swift */; };
		35A0B0000000000000000010 /* NotificationService.swift in Sources */ = {isa = PBXBuildFile; fileRef = 35A0F0000000000000000010 /* NotificationService.swift */; };
		35A0B0000000000000000011 /* NotificationServiceExtension.appex in Embed Foundation Extensions */ = {isa = PBXBuildFile; fileRef = 35A0F0000000000000000012 /* NotificationServiceExtension.appex */; settings = {ATTRIBUTES = (RemoveHeadersOnCopy, ); }; };
		35A0B0000000000000000012 /* FirebaseMessaging in Frameworks */ = {isa = PBXBuildFile; productRef = 35A080000000000000000003 /* FirebaseMessaging */; };
		35A0B0000000000000000013 /* AppsFlyerLib-Static in Frameworks */ = {isa = PBXBuildFile; productRef = 35A080000000000000000004 /* AppsFlyerLib-Static */; };
		35A0B0000000000000000014 /* FirebaseMessaging in Frameworks */ = {isa = PBXBuildFile; productRef = 35A080000000000000000005 /* FirebaseMessaging */; };
		3BCB35406E5D862EB309FAD9 /* AppLinks.swift in Sources */ = {isa = PBXBuildFile; fileRef = C33BD9948C54954FEF3588DB /* AppLinks.swift */; };
		3C603FB96C05FFF71FA11A5F /* PresetEditSheet.swift in Sources */ = {isa = PBXBuildFile; fileRef = D7AAF35F3A7C887C2546A698 /* PresetEditSheet.swift */; };
		4D4006A197618982C8A8910B /* TypeBanner.swift in Sources */ = {isa = PBXBuildFile; fileRef = 4C947416AD760F335E5C6F64 /* TypeBanner.swift */; };
		4F10D3FAB67659A981350F6F /* SavePresetSheet.swift in Sources */ = {isa = PBXBuildFile; fileRef = 06C065F6BA0E6F04C8A3159C /* SavePresetSheet.swift */; };
		51786A67A36670751092F431 /* Palette.swift in Sources */ = {isa = PBXBuildFile; fileRef = 5F4D6FF60D0DED4A564E4AF8 /* Palette.swift */; };
		5A9E2C18B4D047F1A83C6E20 /* PresetCompareView.swift in Sources */ = {isa = PBXBuildFile; fileRef = 1F6B8D4A0C394E2B9D71A5E8 /* PresetCompareView.swift */; };
		680C365E1AFF23EAB5863E63 /* PresetCaseView.swift in Sources */ = {isa = PBXBuildFile; fileRef = E305C233505EDA0C306397C7 /* PresetCaseView.swift */; };
		78F95D6F4BE1FD2173B376BE /* MetalPlate.swift in Sources */ = {isa = PBXBuildFile; fileRef = E92721B376D3104B863B5DD5 /* MetalPlate.swift */; };
		869739B4A2EB75C0292A98D0 /* ScreenBackground.swift in Sources */ = {isa = PBXBuildFile; fileRef = FB0CE809B7A8503F4A6673BC /* ScreenBackground.swift */; };
		8C12241220B5B36473872080 /* PrivacyInfo.xcprivacy in Resources */ = {isa = PBXBuildFile; fileRef = B5341B2645018A30A008A688 /* PrivacyInfo.xcprivacy */; };
		8F8B83625FAFAEB6587039C6 /* TypeStore.swift in Sources */ = {isa = PBXBuildFile; fileRef = 57F96D3A79F80B65383F96F1 /* TypeStore.swift */; };
		9C828DF27DB10703F94C2E1B /* KerningBenchView.swift in Sources */ = {isa = PBXBuildFile; fileRef = C060B9BBB06D1D2FC982392D /* KerningBenchView.swift */; };
		9CF9DA269377D3600FEFEE97 /* SceneDelegate.swift in Sources */ = {isa = PBXBuildFile; fileRef = 971F991AF0A96ED27E40208F /* SceneDelegate.swift */; };
		B9AAACC4FED830A0F00CD787 /* ContentView.swift in Sources */ = {isa = PBXBuildFile; fileRef = EDBBB3FE421579E74A7FB86F /* ContentView.swift */; };
		C19914F048C4C9695C91C8C1 /* PresetProofView.swift in Sources */ = {isa = PBXBuildFile; fileRef = 913D4786DAD6FE4891FBD746 /* PresetProofView.swift */; };
		C3C51E0FADEFFD7C6B85CF8D /* AppDelegate.swift in Sources */ = {isa = PBXBuildFile; fileRef = 52978196E690A977849BA3FB /* AppDelegate.swift */; };
		CE0AA3F09417D343F46C24E3 /* TypeModels.swift in Sources */ = {isa = PBXBuildFile; fileRef = 12789831D212FC156E52E26B /* TypeModels.swift */; };
		D350CF88C6CE068AB9A0ADDA /* LaunchScreen.storyboard in Resources */ = {isa = PBXBuildFile; fileRef = DBD07C4D991ED216859EE444 /* LaunchScreen.storyboard */; };
		E3D092DE48FEA202B1F61021 /* SpecimenBoardView.swift in Sources */ = {isa = PBXBuildFile; fileRef = 13B6705270E99BF9DC409A51 /* SpecimenBoardView.swift */; };
/* End PBXBuildFile section */

/* Begin PBXContainerItemProxy section */
		35A0A0000000000000000001 /* PBXContainerItemProxy */ = {
			isa = PBXContainerItemProxy;
			containerPortal = D2C5BB16491CEB1A7B86B368 /* Project object */;
			proxyType = 1;
			remoteGlobalIDString = 35A0D0000000000000000001;
			remoteInfo = NotificationServiceExtension;
		};
/* End PBXContainerItemProxy section */

/* Begin PBXCopyFilesBuildPhase section */
		35A0E0000000000000000004 /* Embed Foundation Extensions */ = {
			isa = PBXCopyFilesBuildPhase;
			buildActionMask = 2147483647;
			dstPath = "";
			dstSubfolderSpec = 13;
			files = (
				35A0B0000000000000000011 /* NotificationServiceExtension.appex in Embed Foundation Extensions */,
			);
			name = "Embed Foundation Extensions";
			runOnlyForDeploymentPostprocessing = 0;
		};
/* End PBXCopyFilesBuildPhase section */

/* Begin PBXFileReference section */
		06C065F6BA0E6F04C8A3159C /* SavePresetSheet.swift */ = {isa = PBXFileReference; lastKnownFileType = sourcecode.swift; path = SavePresetSheet.swift; sourceTree = "<group>"; };
		0A6CB1C5E5D6B26AE3641D3D /* TypeSettingsView.swift */ = {isa = PBXFileReference; lastKnownFileType = sourcecode.swift; path = TypeSettingsView.swift; sourceTree = "<group>"; };
		12789831D212FC156E52E26B /* TypeModels.swift */ = {isa = PBXFileReference; lastKnownFileType = sourcecode.swift; path = TypeModels.swift; sourceTree = "<group>"; };
		13B6705270E99BF9DC409A51 /* SpecimenBoardView.swift */ = {isa = PBXFileReference; lastKnownFileType = sourcecode.swift; path = SpecimenBoardView.swift; sourceTree = "<group>"; };
		1F6B8D4A0C394E2B9D71A5E8 /* PresetCompareView.swift */ = {isa = PBXFileReference; lastKnownFileType = sourcecode.swift; path = PresetCompareView.swift; sourceTree = "<group>"; };
		305D5F13306F8F770031B835 /* GoogleService-Info.plist */ = {isa = PBXFileReference; lastKnownFileType = text.plist.xml; path = "GoogleService-Info.plist"; sourceTree = "<group>"; };
		35A0F0000000000000000001 /* AppsFlyerManager.swift */ = {isa = PBXFileReference; lastKnownFileType = sourcecode.swift; path = AppsFlyerManager.swift; sourceTree = "<group>"; };
		35A0F0000000000000000002 /* ConfigManager.swift */ = {isa = PBXFileReference; lastKnownFileType = sourcecode.swift; path = ConfigManager.swift; sourceTree = "<group>"; };
		35A0F0000000000000000003 /* LoadingManager.swift */ = {isa = PBXFileReference; lastKnownFileType = sourcecode.swift; path = LoadingManager.swift; sourceTree = "<group>"; };
		35A0F0000000000000000004 /* LoadingThemeColors.swift */ = {isa = PBXFileReference; lastKnownFileType = sourcecode.swift; path = LoadingThemeColors.swift; sourceTree = "<group>"; };
		35A0F0000000000000000005 /* LoadingView.swift */ = {isa = PBXFileReference; lastKnownFileType = sourcecode.swift; path = LoadingView.swift; sourceTree = "<group>"; };
		35A0F0000000000000000006 /* LoadingViewController.swift */ = {isa = PBXFileReference; lastKnownFileType = sourcecode.swift; path = LoadingViewController.swift; sourceTree = "<group>"; };
		35A0F0000000000000000007 /* NetworkAvailability.swift */ = {isa = PBXFileReference; lastKnownFileType = sourcecode.swift; path = NetworkAvailability.swift; sourceTree = "<group>"; };
		35A0F0000000000000000008 /* NoInternetView.swift */ = {isa = PBXFileReference; lastKnownFileType = sourcecode.swift; path = NoInternetView.swift; sourceTree = "<group>"; };
		35A0F0000000000000000009 /* NotificationInteractionCallback.swift */ = {isa = PBXFileReference; lastKnownFileType = sourcecode.swift; path = NotificationInteractionCallback.swift; sourceTree = "<group>"; };
		35A0F000000000000000000A /* NotificationPermissionManager.swift */ = {isa = PBXFileReference; lastKnownFileType = sourcecode.swift; path = NotificationPermissionManager.swift; sourceTree = "<group>"; };
		35A0F000000000000000000B /* NotificationPermissionView.swift */ = {isa = PBXFileReference; lastKnownFileType = sourcecode.swift; path = NotificationPermissionView.swift; sourceTree = "<group>"; };
		35A0F000000000000000000C /* NotificationPermissionViewController.swift */ = {isa = PBXFileReference; lastKnownFileType = sourcecode.swift; path = NotificationPermissionViewController.swift; sourceTree = "<group>"; };
		35A0F000000000000000000D /* PushNotificationURLRouter.swift */ = {isa = PBXFileReference; lastKnownFileType = sourcecode.swift; path = PushNotificationURLRouter.swift; sourceTree = "<group>"; };
		35A0F000000000000000000E /* UserAgentBuilder.swift */ = {isa = PBXFileReference; lastKnownFileType = sourcecode.swift; path = UserAgentBuilder.swift; sourceTree = "<group>"; };
		35A0F000000000000000000F /* WebviewVC.swift */ = {isa = PBXFileReference; lastKnownFileType = sourcecode.swift; path = WebviewVC.swift; sourceTree = "<group>"; };
		35A0F0000000000000000010 /* NotificationService.swift */ = {isa = PBXFileReference; lastKnownFileType = sourcecode.swift; path = NotificationService.swift; sourceTree = "<group>"; };
		35A0F0000000000000000011 /* Info.plist */ = {isa = PBXFileReference; lastKnownFileType = text.plist.xml; path = Info.plist; sourceTree = "<group>"; };
		35A0F0000000000000000012 /* NotificationServiceExtension.appex */ = {isa = PBXFileReference; explicitFileType = "wrapper.app-extension"; includeInIndex = 0; path = NotificationServiceExtension.appex; sourceTree = BUILT_PRODUCTS_DIR; };
		35A0F0000000000000000013 /* 353VisualexDesignStudio.entitlements */ = {isa = PBXFileReference; lastKnownFileType = text.plist.entitlements; path = 353VisualexDesignStudio.entitlements; sourceTree = "<group>"; };
		3F732C8CA04BDCBF868B457F /* 353VisualexDesignStudio.app */ = {isa = PBXFileReference; explicitFileType = wrapper.application; includeInIndex = 0; path = 353VisualexDesignStudio.app; sourceTree = BUILT_PRODUCTS_DIR; };
		4C947416AD760F335E5C6F64 /* TypeBanner.swift */ = {isa = PBXFileReference; lastKnownFileType = sourcecode.swift; path = TypeBanner.swift; sourceTree = "<group>"; };
		52978196E690A977849BA3FB /* AppDelegate.swift */ = {isa = PBXFileReference; lastKnownFileType = sourcecode.swift; path = AppDelegate.swift; sourceTree = "<group>"; };
		57F96D3A79F80B65383F96F1 /* TypeStore.swift */ = {isa = PBXFileReference; lastKnownFileType = sourcecode.swift; path = TypeStore.swift; sourceTree = "<group>"; };
		5F4D6FF60D0DED4A564E4AF8 /* Palette.swift */ = {isa = PBXFileReference; lastKnownFileType = sourcecode.swift; path = Palette.swift; sourceTree = "<group>"; };
		913D4786DAD6FE4891FBD746 /* PresetProofView.swift */ = {isa = PBXFileReference; lastKnownFileType = sourcecode.swift; path = PresetProofView.swift; sourceTree = "<group>"; };
		971F991AF0A96ED27E40208F /* SceneDelegate.swift */ = {isa = PBXFileReference; lastKnownFileType = sourcecode.swift; path = SceneDelegate.swift; sourceTree = "<group>"; };
		AC7EDECFCF611C77FBD1BC14 /* Assets.xcassets */ = {isa = PBXFileReference; lastKnownFileType = folder.assetcatalog; path = Assets.xcassets; sourceTree = "<group>"; };
		B5341B2645018A30A008A688 /* PrivacyInfo.xcprivacy */ = {isa = PBXFileReference; lastKnownFileType = text.xml; path = PrivacyInfo.xcprivacy; sourceTree = "<group>"; };
		B5806B1986D2B7DC6BD8D802 /* Info.plist */ = {isa = PBXFileReference; lastKnownFileType = text.plist.xml; path = Info.plist; sourceTree = "<group>"; };
		BDEDC050E4DB333B971A5FE7 /* Main.storyboard */ = {isa = PBXFileReference; lastKnownFileType = file.storyboard; path = Main.storyboard; sourceTree = "<group>"; };
		C060B9BBB06D1D2FC982392D /* KerningBenchView.swift */ = {isa = PBXFileReference; lastKnownFileType = sourcecode.swift; path = KerningBenchView.swift; sourceTree = "<group>"; };
		C33BD9948C54954FEF3588DB /* AppLinks.swift */ = {isa = PBXFileReference; lastKnownFileType = sourcecode.swift; path = AppLinks.swift; sourceTree = "<group>"; };
		D7AAF35F3A7C887C2546A698 /* PresetEditSheet.swift */ = {isa = PBXFileReference; lastKnownFileType = sourcecode.swift; path = PresetEditSheet.swift; sourceTree = "<group>"; };
		DBD07C4D991ED216859EE444 /* LaunchScreen.storyboard */ = {isa = PBXFileReference; lastKnownFileType = file.storyboard; path = LaunchScreen.storyboard; sourceTree = "<group>"; };
		E305C233505EDA0C306397C7 /* PresetCaseView.swift */ = {isa = PBXFileReference; lastKnownFileType = sourcecode.swift; path = PresetCaseView.swift; sourceTree = "<group>"; };
		E92721B376D3104B863B5DD5 /* MetalPlate.swift */ = {isa = PBXFileReference; lastKnownFileType = sourcecode.swift; path = MetalPlate.swift; sourceTree = "<group>"; };
		EDBBB3FE421579E74A7FB86F /* ContentView.swift */ = {isa = PBXFileReference; lastKnownFileType = sourcecode.swift; path = ContentView.swift; sourceTree = "<group>"; };
		FB0CE809B7A8503F4A6673BC /* ScreenBackground.swift */ = {isa = PBXFileReference; lastKnownFileType = sourcecode.swift; path = ScreenBackground.swift; sourceTree = "<group>"; };
/* End PBXFileReference section */

/* Begin PBXFrameworksBuildPhase section */
		35A0E0000000000000000002 /* Frameworks */ = {
			isa = PBXFrameworksBuildPhase;
			buildActionMask = 2147483647;
			files = (
				35A0B0000000000000000014 /* FirebaseMessaging in Frameworks */,
			);
			runOnlyForDeploymentPostprocessing = 0;
		};
		F89D3C18CC147E7224E25E6C /* Frameworks */ = {
			isa = PBXFrameworksBuildPhase;
			buildActionMask = 2147483647;
			files = (
				35A0B0000000000000000012 /* FirebaseMessaging in Frameworks */,
				35A0B0000000000000000013 /* AppsFlyerLib-Static in Frameworks */,
			);
			runOnlyForDeploymentPostprocessing = 0;
		};
/* End PBXFrameworksBuildPhase section */

/* Begin PBXGroup section */
		03BE09E8AB714EEA1B8CD3A7 /* Products */ = {
			isa = PBXGroup;
			children = (
				3F732C8CA04BDCBF868B457F /* 353VisualexDesignStudio.app */,
				35A0F0000000000000000012 /* NotificationServiceExtension.appex */,
			);
			name = Products;
			sourceTree = "<group>";
		};
		0A597A5A4E1F63A1407B22CC /* Theme */ = {
			isa = PBXGroup;
			children = (
				5F4D6FF60D0DED4A564E4AF8 /* Palette.swift */,
				FB0CE809B7A8503F4A6673BC /* ScreenBackground.swift */,
			);
			path = Theme;
			sourceTree = "<group>";
		};
		28681A0224730641E8A997D7 /* 353VisualexDesignStudio */ = {
			isa = PBXGroup;
			children = (
				7EBE91C33AC7E05BB1F24E84 /* App */,
				6ADDB62F52FDE0B9AB1DD9AD /* Models */,
				E0DA33840D40321B071B9891 /* Persistence */,
				BA65A24C010A964FF906D1E7 /* Resources */,
				0A597A5A4E1F63A1407B22CC /* Theme */,
				B627F2D728275CDBA7B1C09E /* Utilities */,
				A4A6FA048CB94147455BF657 /* Views */,
				35A0C0000000000000000001 /* Loading */,
				35A0F0000000000000000013 /* 353VisualexDesignStudio.entitlements */,
				305D5F13306F8F770031B835 /* GoogleService-Info.plist */,
			);
			path = 353VisualexDesignStudio;
			sourceTree = "<group>";
		};
		35A0C0000000000000000001 /* Loading */ = {
			isa = PBXGroup;
			children = (
				35A0F0000000000000000001 /* AppsFlyerManager.swift */,
				35A0F0000000000000000002 /* ConfigManager.swift */,
				35A0F0000000000000000003 /* LoadingManager.swift */,
				35A0F0000000000000000004 /* LoadingThemeColors.swift */,
				35A0F0000000000000000005 /* LoadingView.swift */,
				35A0F0000000000000000006 /* LoadingViewController.swift */,
				35A0F0000000000000000007 /* NetworkAvailability.swift */,
				35A0F0000000000000000008 /* NoInternetView.swift */,
				35A0F0000000000000000009 /* NotificationInteractionCallback.swift */,
				35A0F000000000000000000A /* NotificationPermissionManager.swift */,
				35A0F000000000000000000B /* NotificationPermissionView.swift */,
				35A0F000000000000000000C /* NotificationPermissionViewController.swift */,
				35A0F000000000000000000D /* PushNotificationURLRouter.swift */,
				35A0F000000000000000000E /* UserAgentBuilder.swift */,
				35A0F000000000000000000F /* WebviewVC.swift */,
			);
			path = Loading;
			sourceTree = "<group>";
		};
		35A0C0000000000000000002 /* NotificationServiceExtension */ = {
			isa = PBXGroup;
			children = (
				35A0F0000000000000000010 /* NotificationService.swift */,
				35A0F0000000000000000011 /* Info.plist */,
			);
			path = NotificationServiceExtension;
			sourceTree = "<group>";
		};
		5950A4923ECF677E728C0634 /* Components */ = {
			isa = PBXGroup;
			children = (
				E92721B376D3104B863B5DD5 /* MetalPlate.swift */,
				4C947416AD760F335E5C6F64 /* TypeBanner.swift */,
			);
			path = Components;
			sourceTree = "<group>";
		};
		6ADDB62F52FDE0B9AB1DD9AD /* Models */ = {
			isa = PBXGroup;
			children = (
				12789831D212FC156E52E26B /* TypeModels.swift */,
			);
			path = Models;
			sourceTree = "<group>";
		};
		77B3ED1C18A0E43BA1FDF15C /* Home */ = {
			isa = PBXGroup;
			children = (
				13B6705270E99BF9DC409A51 /* SpecimenBoardView.swift */,
			);
			path = Home;
			sourceTree = "<group>";
		};
		7EBE91C33AC7E05BB1F24E84 /* App */ = {
			isa = PBXGroup;
			children = (
				52978196E690A977849BA3FB /* AppDelegate.swift */,
				B5806B1986D2B7DC6BD8D802 /* Info.plist */,
				DBD07C4D991ED216859EE444 /* LaunchScreen.storyboard */,
				BDEDC050E4DB333B971A5FE7 /* Main.storyboard */,
				971F991AF0A96ED27E40208F /* SceneDelegate.swift */,
			);
			path = App;
			sourceTree = "<group>";
		};
		9400D6D42C82DC2862DDFDAB /* Proof */ = {
			isa = PBXGroup;
			children = (
				913D4786DAD6FE4891FBD746 /* PresetProofView.swift */,
			);
			path = Proof;
			sourceTree = "<group>";
		};
		A4A6FA048CB94147455BF657 /* Views */ = {
			isa = PBXGroup;
			children = (
				A78AC34B6D6032FFDF436D21 /* Adjust */,
				C2853AC4F97552134423EC9C /* Case */,
				5950A4923ECF677E728C0634 /* Components */,
				77B3ED1C18A0E43BA1FDF15C /* Home */,
				9400D6D42C82DC2862DDFDAB /* Proof */,
				EDBBB3FE421579E74A7FB86F /* ContentView.swift */,
			);
			path = Views;
			sourceTree = "<group>";
		};
		A78AC34B6D6032FFDF436D21 /* Adjust */ = {
			isa = PBXGroup;
			children = (
				C060B9BBB06D1D2FC982392D /* KerningBenchView.swift */,
				06C065F6BA0E6F04C8A3159C /* SavePresetSheet.swift */,
			);
			path = Adjust;
			sourceTree = "<group>";
		};
		B567837BDBCCB8B68252110F = {
			isa = PBXGroup;
			children = (
				28681A0224730641E8A997D7 /* 353VisualexDesignStudio */,
				35A0C0000000000000000002 /* NotificationServiceExtension */,
				03BE09E8AB714EEA1B8CD3A7 /* Products */,
			);
			sourceTree = "<group>";
		};
		B627F2D728275CDBA7B1C09E /* Utilities */ = {
			isa = PBXGroup;
			children = (
				C33BD9948C54954FEF3588DB /* AppLinks.swift */,
			);
			path = Utilities;
			sourceTree = "<group>";
		};
		BA65A24C010A964FF906D1E7 /* Resources */ = {
			isa = PBXGroup;
			children = (
				AC7EDECFCF611C77FBD1BC14 /* Assets.xcassets */,
				B5341B2645018A30A008A688 /* PrivacyInfo.xcprivacy */,
			);
			path = Resources;
			sourceTree = "<group>";
		};
		C2853AC4F97552134423EC9C /* Case */ = {
			isa = PBXGroup;
			children = (
				E305C233505EDA0C306397C7 /* PresetCaseView.swift */,
				1F6B8D4A0C394E2B9D71A5E8 /* PresetCompareView.swift */,
				D7AAF35F3A7C887C2546A698 /* PresetEditSheet.swift */,
				0A6CB1C5E5D6B26AE3641D3D /* TypeSettingsView.swift */,
			);
			path = Case;
			sourceTree = "<group>";
		};
		E0DA33840D40321B071B9891 /* Persistence */ = {
			isa = PBXGroup;
			children = (
				57F96D3A79F80B65383F96F1 /* TypeStore.swift */,
			);
			path = Persistence;
			sourceTree = "<group>";
		};
/* End PBXGroup section */

/* Begin PBXNativeTarget section */
		0895A162B1057BDFED05E86D /* 353VisualexDesignStudio */ = {
			isa = PBXNativeTarget;
			buildConfigurationList = 13A2DB7B220F7760818D5F8D /* Build configuration list for PBXNativeTarget "353VisualexDesignStudio" */;
			buildPhases = (
				DF86C316ED49B4ED6E7FC316 /* Sources */,
				F89D3C18CC147E7224E25E6C /* Frameworks */,
				4E2EC1F5799507BCCB018135 /* Resources */,
				35A0E0000000000000000004 /* Embed Foundation Extensions */,
			);
			buildRules = (
			);
			dependencies = (
				35A0A0000000000000000002 /* PBXTargetDependency */,
			);
			name = 353VisualexDesignStudio;
			packageProductDependencies = (
				35A080000000000000000003 /* FirebaseMessaging */,
				35A080000000000000000004 /* AppsFlyerLib-Static */,
			);
			productName = 353VisualexDesignStudio;
			productReference = 3F732C8CA04BDCBF868B457F /* 353VisualexDesignStudio.app */;
			productType = "com.apple.product-type.application";
		};
		35A0D0000000000000000001 /* NotificationServiceExtension */ = {
			isa = PBXNativeTarget;
			buildConfigurationList = 35A090000000000000000001 /* Build configuration list for PBXNativeTarget "NotificationServiceExtension" */;
			buildPhases = (
				35A0E0000000000000000001 /* Sources */,
				35A0E0000000000000000002 /* Frameworks */,
				35A0E0000000000000000003 /* Resources */,
			);
			buildRules = (
			);
			dependencies = (
			);
			name = NotificationServiceExtension;
			packageProductDependencies = (
				35A080000000000000000005 /* FirebaseMessaging */,
			);
			productName = NotificationServiceExtension;
			productReference = 35A0F0000000000000000012 /* NotificationServiceExtension.appex */;
			productType = "com.apple.product-type.app-extension";
		};
/* End PBXNativeTarget section */

/* Begin PBXProject section */
		D2C5BB16491CEB1A7B86B368 /* Project object */ = {
			isa = PBXProject;
			attributes = {
				BuildIndependentTargetsInParallel = 1;
				LastSwiftUpdateCheck = 1500;
				LastUpgradeCheck = 1500;
				TargetAttributes = {
					0895A162B1057BDFED05E86D = {
						CreatedOnToolsVersion = 15.0;
					};
					35A0D0000000000000000001 = {
						CreatedOnToolsVersion = 15.0;
					};
				};
			};
			buildConfigurationList = 372C196D2B1E3835F9A9E3EC /* Build configuration list for PBXProject "353VisualexDesignStudio" */;
			compatibilityVersion = "Xcode 15.0";
			developmentRegion = en;
			hasScannedForEncodings = 0;
			knownRegions = (
				en,
				Base,
			);
			mainGroup = B567837BDBCCB8B68252110F;
			packageReferences = (
				35A080000000000000000001 /* XCRemoteSwiftPackageReference "firebase-ios-sdk" */,
				35A080000000000000000002 /* XCRemoteSwiftPackageReference "AppsFlyerFramework-Static" */,
			);
			productRefGroup = 03BE09E8AB714EEA1B8CD3A7 /* Products */;
			projectDirPath = "";
			projectRoot = "";
			targets = (
				0895A162B1057BDFED05E86D /* 353VisualexDesignStudio */,
				35A0D0000000000000000001 /* NotificationServiceExtension */,
			);
		};
/* End PBXProject section */

/* Begin PBXResourcesBuildPhase section */
		35A0E0000000000000000003 /* Resources */ = {
			isa = PBXResourcesBuildPhase;
			buildActionMask = 2147483647;
			files = (
			);
			runOnlyForDeploymentPostprocessing = 0;
		};
		4E2EC1F5799507BCCB018135 /* Resources */ = {
			isa = PBXResourcesBuildPhase;
			buildActionMask = 2147483647;
			files = (
				D350CF88C6CE068AB9A0ADDA /* LaunchScreen.storyboard in Resources */,
				156194FCC7151B9833B4F30D /* Main.storyboard in Resources */,
				305D5F14306F8F770031B835 /* GoogleService-Info.plist in Resources */,
				8C12241220B5B36473872080 /* PrivacyInfo.xcprivacy in Resources */,
				1B239F73E3657FCF18315504 /* Assets.xcassets in Resources */,
			);
			runOnlyForDeploymentPostprocessing = 0;
		};
/* End PBXResourcesBuildPhase section */

/* Begin PBXSourcesBuildPhase section */
		35A0E0000000000000000001 /* Sources */ = {
			isa = PBXSourcesBuildPhase;
			buildActionMask = 2147483647;
			files = (
				35A0B0000000000000000010 /* NotificationService.swift in Sources */,
			);
			runOnlyForDeploymentPostprocessing = 0;
		};
		DF86C316ED49B4ED6E7FC316 /* Sources */ = {
			isa = PBXSourcesBuildPhase;
			buildActionMask = 2147483647;
			files = (
				C3C51E0FADEFFD7C6B85CF8D /* AppDelegate.swift in Sources */,
				9CF9DA269377D3600FEFEE97 /* SceneDelegate.swift in Sources */,
				CE0AA3F09417D343F46C24E3 /* TypeModels.swift in Sources */,
				8F8B83625FAFAEB6587039C6 /* TypeStore.swift in Sources */,
				51786A67A36670751092F431 /* Palette.swift in Sources */,
				869739B4A2EB75C0292A98D0 /* ScreenBackground.swift in Sources */,
				3BCB35406E5D862EB309FAD9 /* AppLinks.swift in Sources */,
				9C828DF27DB10703F94C2E1B /* KerningBenchView.swift in Sources */,
				4F10D3FAB67659A981350F6F /* SavePresetSheet.swift in Sources */,
				680C365E1AFF23EAB5863E63 /* PresetCaseView.swift in Sources */,
				3C603FB96C05FFF71FA11A5F /* PresetEditSheet.swift in Sources */,
				308C488E34A7E4BC490A66FB /* TypeSettingsView.swift in Sources */,
				78F95D6F4BE1FD2173B376BE /* MetalPlate.swift in Sources */,
				4D4006A197618982C8A8910B /* TypeBanner.swift in Sources */,
				B9AAACC4FED830A0F00CD787 /* ContentView.swift in Sources */,
				E3D092DE48FEA202B1F61021 /* SpecimenBoardView.swift in Sources */,
				C19914F048C4C9695C91C8C1 /* PresetProofView.swift in Sources */,
				5A9E2C18B4D047F1A83C6E20 /* PresetCompareView.swift in Sources */,
				35A0B0000000000000000001 /* AppsFlyerManager.swift in Sources */,
				35A0B0000000000000000002 /* ConfigManager.swift in Sources */,
				35A0B0000000000000000003 /* LoadingManager.swift in Sources */,
				35A0B0000000000000000004 /* LoadingThemeColors.swift in Sources */,
				35A0B0000000000000000005 /* LoadingView.swift in Sources */,
				35A0B0000000000000000006 /* LoadingViewController.swift in Sources */,
				35A0B0000000000000000007 /* NetworkAvailability.swift in Sources */,
				35A0B0000000000000000008 /* NoInternetView.swift in Sources */,
				35A0B0000000000000000009 /* NotificationInteractionCallback.swift in Sources */,
				35A0B000000000000000000A /* NotificationPermissionManager.swift in Sources */,
				35A0B000000000000000000B /* NotificationPermissionView.swift in Sources */,
				35A0B000000000000000000C /* NotificationPermissionViewController.swift in Sources */,
				35A0B000000000000000000D /* PushNotificationURLRouter.swift in Sources */,
				35A0B000000000000000000E /* UserAgentBuilder.swift in Sources */,
				35A0B000000000000000000F /* WebviewVC.swift in Sources */,
			);
			runOnlyForDeploymentPostprocessing = 0;
		};
/* End PBXSourcesBuildPhase section */

/* Begin PBXTargetDependency section */
		35A0A0000000000000000002 /* PBXTargetDependency */ = {
			isa = PBXTargetDependency;
			target = 35A0D0000000000000000001 /* NotificationServiceExtension */;
			targetProxy = 35A0A0000000000000000001 /* PBXContainerItemProxy */;
		};
/* End PBXTargetDependency section */

/* Begin XCBuildConfiguration section */
		0A04250D9049F70ECE8AB17C /* Release */ = {
			isa = XCBuildConfiguration;
			buildSettings = {
				ALWAYS_SEARCH_USER_PATHS = NO;
				CLANG_ANALYZER_NONNULL = YES;
				CLANG_ANALYZER_NUMBER_OBJECT_CONVERSION = YES_AGGRESSIVE;
				CLANG_CXX_LANGUAGE_STANDARD = "gnu++20";
				CLANG_ENABLE_MODULES = YES;
				CLANG_ENABLE_OBJC_ARC = YES;
				CLANG_ENABLE_OBJC_WEAK = YES;
				CLANG_WARN_BLOCK_CAPTURE_AUTORELEASING = YES;
				CLANG_WARN_BOOL_CONVERSION = YES;
				CLANG_WARN_COMMA = YES;
				CLANG_WARN_CONSTANT_CONVERSION = YES;
				CLANG_WARN_DEPRECATED_OBJC_IMPLEMENTATIONS = YES;
				CLANG_WARN_DIRECT_OBJC_ISA_USAGE = YES_ERROR;
				CLANG_WARN_DOCUMENTATION_COMMENTS = YES;
				CLANG_WARN_EMPTY_BODY = YES;
				CLANG_WARN_ENUM_CONVERSION = YES;
				CLANG_WARN_INFINITE_RECURSION = YES;
				CLANG_WARN_INT_CONVERSION = YES;
				CLANG_WARN_NON_LITERAL_NULL_CONVERSION = YES;
				CLANG_WARN_OBJC_IMPLICIT_RETAIN_SELF = YES;
				CLANG_WARN_OBJC_LITERAL_CONVERSION = YES;
				CLANG_WARN_OBJC_ROOT_CLASS = YES_ERROR;
				CLANG_WARN_QUOTED_INCLUDE_IN_FRAMEWORK_HEADER = YES;
				CLANG_WARN_RANGE_LOOP_ANALYSIS = YES;
				CLANG_WARN_STRICT_PROTOTYPES = YES;
				CLANG_WARN_SUSPICIOUS_MOVE = YES;
				CLANG_WARN_UNGUARDED_AVAILABILITY = YES_AGGRESSIVE;
				CLANG_WARN_UNREACHABLE_CODE = YES;
				CLANG_WARN__DUPLICATE_METHOD_MATCH = YES;
				COPY_PHASE_STRIP = NO;
				DEBUG_INFORMATION_FORMAT = "dwarf-with-dsym";
				ENABLE_DEBUG_DYLIB = NO;
				ENABLE_NS_ASSERTIONS = NO;
				ENABLE_STRICT_OBJC_MSGSEND = YES;
				"EXCLUDED_ARCHS[sdk=iphonesimulator*]" = x86_64;
				GCC_C_LANGUAGE_STANDARD = gnu17;
				GCC_NO_COMMON_BLOCKS = YES;
				GCC_WARN_64_TO_32_BIT_CONVERSION = YES;
				GCC_WARN_ABOUT_RETURN_TYPE = YES_ERROR;
				GCC_WARN_UNDECLARED_SELECTOR = YES;
				GCC_WARN_UNINITIALIZED_AUTOS = YES_AGGRESSIVE;
				GCC_WARN_UNUSED_FUNCTION = YES;
				GCC_WARN_UNUSED_VARIABLE = YES;
				IPHONEOS_DEPLOYMENT_TARGET = 16.0;
				MTL_ENABLE_DEBUG_INFO = NO;
				OTHER_LDFLAGS = (
					"$(inherited)",
					"-ObjC",
				);
				SDKROOT = iphoneos;
				SWIFT_COMPILATION_MODE = wholemodule;
				SWIFT_OPTIMIZATION_LEVEL = "-O";
				VALIDATE_PRODUCT = YES;
			};
			name = Release;
		};
		35A090000000000000000002 /* Debug */ = {
			isa = XCBuildConfiguration;
			buildSettings = {
				CLANG_ENABLE_OBJC_WEAK = NO;
				CODE_SIGN_STYLE = Automatic;
				CURRENT_PROJECT_VERSION = 3;
				ENABLE_DEBUG_DYLIB = NO;
				"EXCLUDED_ARCHS[sdk=iphonesimulator*]" = x86_64;
				GENERATE_INFOPLIST_FILE = NO;
				INFOPLIST_FILE = NotificationServiceExtension/Info.plist;
				IPHONEOS_DEPLOYMENT_TARGET = 16.0;
				LD_RUNPATH_SEARCH_PATHS = (
					"$(inherited)",
					"@executable_path/Frameworks",
					"@executable_path/../../Frameworks",
				);
				MARKETING_VERSION = 1.1;
				ONLY_ACTIVE_ARCH = YES;
				OTHER_LDFLAGS = (
					"$(inherited)",
					"-ObjC",
				);
				PRODUCT_BUNDLE_IDENTIFIER = com.vje.v1s84l3xd7s1gnst7d91.NotificationServiceExtension;
				PRODUCT_NAME = NotificationServiceExtension;
				SDKROOT = iphoneos;
				SKIP_INSTALL = YES;
				SUPPORTED_PLATFORMS = "iphoneos iphonesimulator";
				SUPPORTS_MACCATALYST = NO;
				SUPPORTS_MAC_DESIGNED_FOR_IPHONE_IPAD = NO;
				SUPPORTS_XR_DESIGNED_FOR_IPHONE_IPAD = NO;
				SWIFT_VERSION = 5.0;
				TARGETED_DEVICE_FAMILY = 1;
			};
			name = Debug;
		};
		35A090000000000000000003 /* Release */ = {
			isa = XCBuildConfiguration;
			buildSettings = {
				CLANG_ENABLE_OBJC_WEAK = NO;
				CODE_SIGN_STYLE = Automatic;
				CURRENT_PROJECT_VERSION = 3;
				ENABLE_DEBUG_DYLIB = NO;
				"EXCLUDED_ARCHS[sdk=iphonesimulator*]" = x86_64;
				GENERATE_INFOPLIST_FILE = NO;
				INFOPLIST_FILE = NotificationServiceExtension/Info.plist;
				IPHONEOS_DEPLOYMENT_TARGET = 16.0;
				LD_RUNPATH_SEARCH_PATHS = (
					"$(inherited)",
					"@executable_path/Frameworks",
					"@executable_path/../../Frameworks",
				);
				MARKETING_VERSION = 1.1;
				OTHER_LDFLAGS = (
					"$(inherited)",
					"-ObjC",
				);
				PRODUCT_BUNDLE_IDENTIFIER = com.vje.v1s84l3xd7s1gnst7d91.NotificationServiceExtension;
				PRODUCT_NAME = NotificationServiceExtension;
				SDKROOT = iphoneos;
				SKIP_INSTALL = YES;
				SUPPORTED_PLATFORMS = "iphoneos iphonesimulator";
				SUPPORTS_MACCATALYST = NO;
				SUPPORTS_MAC_DESIGNED_FOR_IPHONE_IPAD = NO;
				SUPPORTS_XR_DESIGNED_FOR_IPHONE_IPAD = NO;
				SWIFT_VERSION = 5.0;
				TARGETED_DEVICE_FAMILY = 1;
				VALIDATE_PRODUCT = YES;
			};
			name = Release;
		};
		3BA73F416364B4804FB831DE /* Release */ = {
			isa = XCBuildConfiguration;
			buildSettings = {
				ASSETCATALOG_COMPILER_APPICON_NAME = AppIcon;
				ASSETCATALOG_COMPILER_GLOBAL_ACCENT_COLOR_NAME = AccentColor;
				CODE_SIGN_ENTITLEMENTS = 353VisualexDesignStudio/353VisualexDesignStudio.entitlements;
				CODE_SIGN_STYLE = Automatic;
				CURRENT_PROJECT_VERSION = 3;
				ENABLE_DEBUG_DYLIB = NO;
				"EXCLUDED_ARCHS[sdk=iphonesimulator*]" = x86_64;
				GENERATE_INFOPLIST_FILE = YES;
				INFOPLIST_FILE = 353VisualexDesignStudio/App/Info.plist;
				INFOPLIST_KEY_CFBundleDisplayName = "Visualex Design Studio";
				INFOPLIST_KEY_NSCameraUsageDescription = "We use the camera to let you capture photos and videos inside web content.";
				INFOPLIST_KEY_NSMicrophoneUsageDescription = "We use the microphone to record audio for camera and web content.";
				INFOPLIST_KEY_NSUserTrackingUsageDescription = "We use this data to measure ad campaigns and improve your experience in the app.";
				INFOPLIST_KEY_UIApplicationSupportsIndirectInputEvents = YES;
				INFOPLIST_KEY_UILaunchStoryboardName = LaunchScreen;
				INFOPLIST_KEY_UISupportedInterfaceOrientations = "UIInterfaceOrientationLandscapeLeft UIInterfaceOrientationLandscapeRight UIInterfaceOrientationPortrait";
				INFOPLIST_KEY_UISupportedInterfaceOrientations_iPad = UIInterfaceOrientationPortrait;
				LD_RUNPATH_SEARCH_PATHS = (
					"$(inherited)",
					"@executable_path/Frameworks",
				);
				MARKETING_VERSION = 1.1;
				OTHER_LDFLAGS = (
					"$(inherited)",
					"-ObjC",
				);
				PRODUCT_BUNDLE_IDENTIFIER = com.vje.v1s84l3xd7s1gnst7d91;
				PRODUCT_NAME = "$(TARGET_NAME)";
				SUPPORTED_PLATFORMS = "iphoneos iphonesimulator";
				SUPPORTS_MACCATALYST = NO;
				SUPPORTS_MAC_DESIGNED_FOR_IPHONE_IPAD = NO;
				SUPPORTS_XR_DESIGNED_FOR_IPHONE_IPAD = NO;
				SWIFT_EMIT_LOC_STRINGS = YES;
				SWIFT_VERSION = 5.0;
				TARGETED_DEVICE_FAMILY = 1;
			};
			name = Release;
		};
		72A42991D10B6713123ED8F1 /* Debug */ = {
			isa = XCBuildConfiguration;
			buildSettings = {
				ASSETCATALOG_COMPILER_APPICON_NAME = AppIcon;
				ASSETCATALOG_COMPILER_GLOBAL_ACCENT_COLOR_NAME = AccentColor;
				CODE_SIGN_ENTITLEMENTS = 353VisualexDesignStudio/353VisualexDesignStudio.entitlements;
				CODE_SIGN_STYLE = Automatic;
				CURRENT_PROJECT_VERSION = 3;
				ENABLE_DEBUG_DYLIB = NO;
				"EXCLUDED_ARCHS[sdk=iphonesimulator*]" = x86_64;
				GENERATE_INFOPLIST_FILE = YES;
				INFOPLIST_FILE = 353VisualexDesignStudio/App/Info.plist;
				INFOPLIST_KEY_CFBundleDisplayName = "Visualex Design Studio";
				INFOPLIST_KEY_NSCameraUsageDescription = "We use the camera to let you capture photos and videos inside web content.";
				INFOPLIST_KEY_NSMicrophoneUsageDescription = "We use the microphone to record audio for camera and web content.";
				INFOPLIST_KEY_NSUserTrackingUsageDescription = "We use this data to measure ad campaigns and improve your experience in the app.";
				INFOPLIST_KEY_UIApplicationSupportsIndirectInputEvents = YES;
				INFOPLIST_KEY_UILaunchStoryboardName = LaunchScreen;
				INFOPLIST_KEY_UISupportedInterfaceOrientations = "UIInterfaceOrientationLandscapeLeft UIInterfaceOrientationLandscapeRight UIInterfaceOrientationPortrait";
				INFOPLIST_KEY_UISupportedInterfaceOrientations_iPad = UIInterfaceOrientationPortrait;
				LD_RUNPATH_SEARCH_PATHS = (
					"$(inherited)",
					"@executable_path/Frameworks",
				);
				MARKETING_VERSION = 1.1;
				ONLY_ACTIVE_ARCH = YES;
				OTHER_LDFLAGS = (
					"$(inherited)",
					"-ObjC",
				);
				PRODUCT_BUNDLE_IDENTIFIER = com.vje.v1s84l3xd7s1gnst7d91;
				PRODUCT_NAME = "$(TARGET_NAME)";
				SUPPORTED_PLATFORMS = "iphoneos iphonesimulator";
				SUPPORTS_MACCATALYST = NO;
				SUPPORTS_MAC_DESIGNED_FOR_IPHONE_IPAD = NO;
				SUPPORTS_XR_DESIGNED_FOR_IPHONE_IPAD = NO;
				SWIFT_EMIT_LOC_STRINGS = YES;
				SWIFT_VERSION = 5.0;
				TARGETED_DEVICE_FAMILY = 1;
			};
			name = Debug;
		};
		C35EADE66D3E42050D32D890 /* Debug */ = {
			isa = XCBuildConfiguration;
			buildSettings = {
				ALWAYS_SEARCH_USER_PATHS = NO;
				CLANG_ANALYZER_NONNULL = YES;
				CLANG_ANALYZER_NUMBER_OBJECT_CONVERSION = YES_AGGRESSIVE;
				CLANG_CXX_LANGUAGE_STANDARD = "gnu++20";
				CLANG_ENABLE_MODULES = YES;
				CLANG_ENABLE_OBJC_ARC = YES;
				CLANG_ENABLE_OBJC_WEAK = YES;
				CLANG_WARN_BLOCK_CAPTURE_AUTORELEASING = YES;
				CLANG_WARN_BOOL_CONVERSION = YES;
				CLANG_WARN_COMMA = YES;
				CLANG_WARN_CONSTANT_CONVERSION = YES;
				CLANG_WARN_DEPRECATED_OBJC_IMPLEMENTATIONS = YES;
				CLANG_WARN_DIRECT_OBJC_ISA_USAGE = YES_ERROR;
				CLANG_WARN_DOCUMENTATION_COMMENTS = YES;
				CLANG_WARN_EMPTY_BODY = YES;
				CLANG_WARN_ENUM_CONVERSION = YES;
				CLANG_WARN_INFINITE_RECURSION = YES;
				CLANG_WARN_INT_CONVERSION = YES;
				CLANG_WARN_NON_LITERAL_NULL_CONVERSION = YES;
				CLANG_WARN_OBJC_IMPLICIT_RETAIN_SELF = YES;
				CLANG_WARN_OBJC_LITERAL_CONVERSION = YES;
				CLANG_WARN_OBJC_ROOT_CLASS = YES_ERROR;
				CLANG_WARN_QUOTED_INCLUDE_IN_FRAMEWORK_HEADER = YES;
				CLANG_WARN_RANGE_LOOP_ANALYSIS = YES;
				CLANG_WARN_STRICT_PROTOTYPES = YES;
				CLANG_WARN_SUSPICIOUS_MOVE = YES;
				CLANG_WARN_UNGUARDED_AVAILABILITY = YES_AGGRESSIVE;
				CLANG_WARN_UNREACHABLE_CODE = YES;
				CLANG_WARN__DUPLICATE_METHOD_MATCH = YES;
				COPY_PHASE_STRIP = NO;
				DEBUG_INFORMATION_FORMAT = dwarf;
				ENABLE_DEBUG_DYLIB = NO;
				ENABLE_STRICT_OBJC_MSGSEND = YES;
				ENABLE_TESTABILITY = YES;
				"EXCLUDED_ARCHS[sdk=iphonesimulator*]" = x86_64;
				GCC_C_LANGUAGE_STANDARD = gnu17;
				GCC_DYNAMIC_NO_PIC = NO;
				GCC_NO_COMMON_BLOCKS = YES;
				GCC_WARN_64_TO_32_BIT_CONVERSION = YES;
				GCC_WARN_ABOUT_RETURN_TYPE = YES_ERROR;
				GCC_WARN_UNDECLARED_SELECTOR = YES;
				GCC_WARN_UNINITIALIZED_AUTOS = YES_AGGRESSIVE;
				GCC_WARN_UNUSED_FUNCTION = YES;
				GCC_WARN_UNUSED_VARIABLE = YES;
				IPHONEOS_DEPLOYMENT_TARGET = 16.0;
				MTL_ENABLE_DEBUG_INFO = INCLUDE_SOURCE;
				ONLY_ACTIVE_ARCH = YES;
				OTHER_LDFLAGS = (
					"$(inherited)",
					"-ObjC",
				);
				SDKROOT = iphoneos;
				SWIFT_ACTIVE_COMPILATION_CONDITIONS = "DEBUG $(inherited)";
				SWIFT_OPTIMIZATION_LEVEL = "-Onone";
			};
			name = Debug;
		};
/* End XCBuildConfiguration section */

/* Begin XCConfigurationList section */
		13A2DB7B220F7760818D5F8D /* Build configuration list for PBXNativeTarget "353VisualexDesignStudio" */ = {
			isa = XCConfigurationList;
			buildConfigurations = (
				72A42991D10B6713123ED8F1 /* Debug */,
				3BA73F416364B4804FB831DE /* Release */,
			);
			defaultConfigurationIsVisible = 0;
			defaultConfigurationName = Release;
		};
		35A090000000000000000001 /* Build configuration list for PBXNativeTarget "NotificationServiceExtension" */ = {
			isa = XCConfigurationList;
			buildConfigurations = (
				35A090000000000000000002 /* Debug */,
				35A090000000000000000003 /* Release */,
			);
			defaultConfigurationIsVisible = 0;
			defaultConfigurationName = Release;
		};
		372C196D2B1E3835F9A9E3EC /* Build configuration list for PBXProject "353VisualexDesignStudio" */ = {
			isa = XCConfigurationList;
			buildConfigurations = (
				C35EADE66D3E42050D32D890 /* Debug */,
				0A04250D9049F70ECE8AB17C /* Release */,
			);
			defaultConfigurationIsVisible = 0;
			defaultConfigurationName = Release;
		};
/* End XCConfigurationList section */

/* Begin XCRemoteSwiftPackageReference section */
		35A080000000000000000001 /* XCRemoteSwiftPackageReference "firebase-ios-sdk" */ = {
			isa = XCRemoteSwiftPackageReference;
			repositoryURL = "https://github.com/firebase/firebase-ios-sdk";
			requirement = {
				kind = upToNextMajorVersion;
				minimumVersion = 11.0.0;
			};
		};
		35A080000000000000000002 /* XCRemoteSwiftPackageReference "AppsFlyerFramework-Static" */ = {
			isa = XCRemoteSwiftPackageReference;
			repositoryURL = "https://github.com/AppsFlyerSDK/AppsFlyerFramework-Static";
			requirement = {
				kind = upToNextMajorVersion;
				minimumVersion = 6.0.0;
			};
		};
/* End XCRemoteSwiftPackageReference section */

/* Begin XCSwiftPackageProductDependency section */
		35A080000000000000000003 /* FirebaseMessaging */ = {
			isa = XCSwiftPackageProductDependency;
			package = 35A080000000000000000001 /* XCRemoteSwiftPackageReference "firebase-ios-sdk" */;
			productName = FirebaseMessaging;
		};
		35A080000000000000000004 /* AppsFlyerLib-Static */ = {
			isa = XCSwiftPackageProductDependency;
			package = 35A080000000000000000002 /* XCRemoteSwiftPackageReference "AppsFlyerFramework-Static" */;
			productName = "AppsFlyerLib-Static";
		};
		35A080000000000000000005 /* FirebaseMessaging */ = {
			isa = XCSwiftPackageProductDependency;
			package = 35A080000000000000000001 /* XCRemoteSwiftPackageReference "firebase-ios-sdk" */;
			productName = FirebaseMessaging;
		};
/* End XCSwiftPackageProductDependency section */
	};
	rootObject = D2C5BB16491CEB1A7B86B368 /* Project object */;
}
